version = 1
revision = 3
requires-python = ">=3.13"

[[package]]
name = "control"
version = "0.1.0"
source = { virtual = "." }

[package.dev-dependencies]
dev = [
    { name = "maixpy" },
    { name = "micropython-esp32-esp32-generic-s2-stubs" },
]

[package.metadata]

[package.metadata.requires-dev]
dev = [
    { name = "maixpy", specifier = ">=4.12.1" },
    { name = "micropython-esp32-esp32-generic-s2-stubs", specifier = ">=1.26.0.post1" },
]

[[package]]
name = "maixpy"
version = "4.12.1"
source = { registry = "https://pypi.org/simple" }
wheels = [
    { url = "https://files.pythonhosted.org/packages/62/13/5d706d2204efcd1128ca16026ce7f4c8a0458130b6f3a293bbb3dbe3a2a7/MaixPy-4.12.1-py3-none-any.whl", hash = "sha256:e9540667e8195698c75b5abc8fb1c0d32e24c6d01d189850fbf9e35726c13ba8", size = 17428228, upload-time = "2025-09-30T12:30:19.096Z" },
    { url = "https://files.pythonhosted.org/packages/89/de/ad963d0499fc36c4c0ff9aa3f186dadc04596bf0eec7ea0d0dcbe852a607/maixpy-4.12.1-cp313-cp313-manylinux2014_x86_64.whl", hash = "sha256:3388ef954ccca6707b9d4a0306f6807c289cb4de55e700d5983d010fd89e24ce", size = 4668782, upload-time = "2025-09-30T11:54:38.329Z" },
]

[[package]]
name = "micropython-esp32-esp32-generic-s2-stubs"
version = "1.26.0.post1"
source = { registry = "https://pypi.org/simple" }
dependencies = [
    { name = "micropython-stdlib-stubs" },
]
sdist = { url = "https://files.pythonhosted.org/packages/a5/83/e865dfb77fbf1437e5e6449a0833754a1e729b4f840468aee91158dc14f0/micropython_esp32_esp32_generic_s2_stubs-1.26.0.post1.tar.gz", hash = "sha256:392ba1fea2835af2d3cad11a6f6a82f9e7d7e1571b3c2631ea03dec9fc6f3f44", size = 89862, upload-time = "2025-09-02T20:26:55.971Z" }
wheels = [
    { url = "https://files.pythonhosted.org/packages/2b/80/6d529dcb7aab1e65df5062868a0f59dedd8f6dcce788ee7294a6b858fda1/micropython_esp32_esp32_generic_s2_stubs-1.26.0.post1-py2.py3-none-any.whl", hash = "sha256:5aff9d6df9a59eb7c9fadfb7694d36922d1315ac1ce8c9a1937d07f02dbd465f", size = 115732, upload-time = "2025-09-02T20:26:54.791Z" },
]

[[package]]
name = "micropython-stdlib-stubs"
version = "1.26.0.post3"
source = { registry = "https://pypi.org/simple" }
wheels = [
    { url = "https://files.pythonhosted.org/packages/4f/2e/38a03713acf949c571e54de7c64fb48a519521c4ff0c1645d5213316637e/micropython_stdlib_stubs-1.26.0.post3-py3-none-any.whl", hash = "sha256:98a35a1faffeca605a0d38988dd0d98a117c32193db758436c87a08ca278339d", size = 147944, upload-time = "2025-09-01T21:07:57.11Z" },
]
